// !$*UTF8*$!
{
	archiveVersion = 1;
	classes = {
	};
	objectVersion = 55;
	objects = {

/* Begin PBXBuildFile section */
		031E0D1228A4DFCE00A994E7 /* AppDelegate.swift in Sources */ = {isa = PBXBuildFile; fileRef = 031E0D1128A4DFCE00A994E7 /* AppDelegate.swift */; };
		031E0D1428A4DFCE00A994E7 /* SceneDelegate.swift in Sources */ = {isa = PBXBuildFile; fileRef = 031E0D1328A4DFCE00A994E7 /* SceneDelegate.swift */; };
		031E0D1628A4DFCE00A994E7 /* ViewController.swift in Sources */ = {isa = PBXBuildFile; fileRef = 031E0D1528A4DFCE00A994E7 /* ViewController.swift */; };
		031E0D1928A4DFCE00A994E7 /* Main.storyboard in Resources */ = {isa = PBXBuildFile; fileRef = 031E0D1728A4DFCE00A994E7 /* Main.storyboard */; };
		031E0D1B28A4DFCF00A994E7 /* Assets.xcassets in Resources */ = {isa = PBXBuildFile; fileRef = 031E0D1A28A4DFCF00A994E7 /* Assets.xcassets */; };
		031E0D1E28A4DFCF00A994E7 /* LaunchScreen.storyboard in Resources */ = {isa = PBXBuildFile; fileRef = 031E0D1C28A4DFCF00A994E7 /* LaunchScreen.storyboard */; };
		031E0D2728A4F57600A994E7 /* ProfileCell.swift in Sources */ = {isa = PBXBuildFile; fileRef = 031E0D2528A4F57600A994E7 /* ProfileCell.swift */; };
		031E0D2828A4F57600A994E7 /* ProfileCell.xib in Resources */ = {isa = PBXBuildFile; fileRef = 031E0D2628A4F57600A994E7 /* ProfileCell.xib */; };
		03B4E41528B4BA500060AAF3 /* MenuCell.swift in Sources */ = {isa = PBXBuildFile; fileRef = 03B4E41328B4BA500060AAF3 /* MenuCell.swift */; };
		03B4E41628B4BA500060AAF3 /* MenuCell.xib in Resources */ = {isa = PBXBuildFile; fileRef = 03B4E41428B4BA500060AAF3 /* MenuCell.xib */; };
		03B4E41828B4C0A90060AAF3 /* SettingModel.swift in Sources */ = {isa = PBXBuildFile; fileRef = 03B4E41728B4C0A90060AAF3 /* SettingModel.swift */; };
		03EBB86D28B8985100D77B38 /* GeneralViewController.swift in Sources */ = {isa = PBXBuildFile; fileRef = 03EBB86C28B8985100D77B38 /* GeneralViewController.swift */; };
		03EBB86F28B8987500D77B38 /* GeneralViewController.storyboard in Resources */ = {isa = PBXBuildFile; fileRef = 03EBB86E28B8987500D77B38 /* GeneralViewController.storyboard */; };
/* End PBXBuildFile section */

/* Begin PBXFileReference section */
		031E0D0E28A4DFCE00A994E7 /* Setting_Clone_App.app */ = {isa = PBXFileReference; explicitFileType = wrapper.application; includeInIndex = 0; path = Setting_Clone_App.app; sourceTree = BUILT_PRODUCTS_DIR; };
		031E0D1128A4DFCE00A994E7 /* AppDelegate.swift */ = {isa = PBXFileReference; lastKnownFileType = sourcecode.swift; path = AppDelegate.swift; sourceTree = "<group>"; };
		031E0D1328A4DFCE00A994E7 /* SceneDelegate.swift */ = {isa = PBXFileReference; lastKnownFileType = sourcecode.swift; path = SceneDelegate.swift; sourceTree = "<group>"; };
		031E0D1528A4DFCE00A994E7 /* ViewController.swift */ = {isa = PBXFileReference; lastKnownFileType = sourcecode.swift; path = ViewController.swift; sourceTree = "<group>"; };
		031E0D1828A4DFCE00A994E7 /* Base */ = {isa = PBXFileReference; lastKnownFileType = file.storyboard; name = Base; path = Base.lproj/Main.storyboard; sourceTree = "<group>"; };
		031E0D1A28A4DFCF00A994E7 /* Assets.xcassets */ = {isa = PBXFileReference; lastKnownFileType = folder.assetcatalog; path = Assets.xcassets; sourceTree = "<group>"; };
		031E0D1D28A4DFCF00A994E7 /* Base */ = {isa = PBXFileReference; lastKnownFileType = file.storyboard; name = Base; path = Base.lproj/LaunchScreen.storyboard; sourceTree = "<group>"; };
		031E0D1F28A4DFCF00A994E7 /* Info.plist */ = {isa = PBXFileReference; lastKnownFileType = text.plist.xml; path = Info.plist; sourceTree = "<group>"; };
		031E0D2528A4F57600A994E7 /* ProfileCell.swift */ = {isa = PBXFileReference; lastKnownFileType = sourcecode.swift; path = ProfileCell.swift; sourceTree = "<group>"; };
		031E0D2628A4F57600A994E7 /* ProfileCell.xib */ = {isa = PBXFileReference; lastKnownFileType = file.xib; path = ProfileCell.xib; sourceTree = "<group>"; };
		03B4E41328B4BA500060AAF3 /* MenuCell.swift */ = {isa = PBXFileReference; lastKnownFileType = sourcecode.swift; path = MenuCell.swift; sourceTree = "<group>"; };
		03B4E41428B4BA500060AAF3 /* MenuCell.xib */ = {isa = PBXFileReference; lastKnownFileType = file.xib; path = MenuCell.xib; sourceTree = "<group>"; };
		03B4E41728B4C0A90060AAF3 /* SettingModel.swift */ = {isa = PBXFileReference; lastKnownFileType = sourcecode.swift; path = SettingModel.swift; sourceTree = "<group>"; };
		03EBB86C28B8985100D77B38 /* GeneralViewController.swift */ = {isa = PBXFileReference; lastKnownFileType = sourcecode.swift; path = GeneralViewController.swift; sourceTree = "<group>"; };
		03EBB86E28B8987500D77B38 /* GeneralViewController.storyboard */ = {isa = PBXFileReference; lastKnownFileType = file.storyboard; path = GeneralViewController.storyboard; sourceTree = "<group>"; };
/* End PBXFileReference section */

/* Begin PBXFrameworksBuildPhase section */
		031E0D0B28A4DFCE00A994E7 /* Frameworks */ = {
			isa = PBXFrameworksBuildPhase;
			buildActionMask = 2147483647;
			files = (
			);
			runOnlyForDeploymentPostprocessing = 0;
		};
/* End PBXFrameworksBuildPhase section */

/* Begin PBXGroup section */
		031E0D0528A4DFCE00A994E7 = {
			isa = PBXGroup;
			children = (
				031E0D1028A4DFCE00A994E7 /* Setting_Clone_App */,
				031E0D0F28A4DFCE00A994E7 /* Products */,
			);
			sourceTree = "<group>";
		};
		031E0D0F28A4DFCE00A994E7 /* Products */ = {
			isa = PBXGroup;
			children = (
				031E0D0E28A4DFCE00A994E7 /* Setting_Clone_App.app */,
			);
			name = Products;
			sourceTree = "<group>";
		};
		031E0D1028A4DFCE00A994E7 /* Setting_Clone_App */ = {
			isa = PBXGroup;
			children = (
				031E0D1128A4DFCE00A994E7 /* AppDelegate.swift */,
				031E0D1328A4DFCE00A994E7 /* SceneDelegate.swift */,
				031E0D1528A4DFCE00A994E7 /* ViewController.swift */,
				031E0D1728A4DFCE00A994E7 /* Main.storyboard */,
				03EBB86C28B8985100D77B38 /* GeneralViewController.swift */,
				03EBB86E28B8987500D77B38 /* GeneralViewController.storyboard */,
				031E0D2528A4F57600A994E7 /* ProfileCell.swift */,
				031E0D2628A4F57600A994E7 /* ProfileCell.xib */,
				03B4E41328B4BA500060AAF3 /* MenuCell.swift */,
				03B4E41428B4BA500060AAF3 /* MenuCell.xib */,
				03B4E41728B4C0A90060AAF3 /* SettingModel.swift */,
				031E0D1A28A4DFCF00A994E7 /* Assets.xcassets */,
				031E0D1C28A4DFCF00A994E7 /* LaunchScreen.storyboard */,
				031E0D1F28A4DFCF00A994E7 /* Info.plist */,
			);
			path = Setting_Clone_App;
			sourceTree = "<group>";
		};
/* End PBXGroup section */

/* Begin PBXNativeTarget section */
		031E0D0D28A4DFCE00A994E7 /* Setting_Clone_App */ = {
			isa = PBXNativeTarget;
			buildConfigurationList = 031E0D2228A4DFCF00A994E7 /* Build configuration list for PBXNativeTarget "Setting_Clone_App" */;
			buildPhases = (
				031E0D0A28A4DFCE00A994E7 /* Sources */,
				031E0D0B28A4DFCE00A994E7 /* Frameworks */,
				031E0D0C28A4DFCE00A994E7 /* Resources */,
			);
			buildRules = (
			);
			dependencies = (
			);
			name = Setting_Clone_App;
			productName = Setting_Clone_App;
			productReference = 031E0D0E28A4DFCE00A994E7 /* Setting_Clone_App.app */;
			productType = "com.apple.product-type.application";
		};
/* End PBXNativeTarget section */

/* Begin PBXProject section */
		031E0D0628A4DFCE00A994E7 /* Project object */ = {
			isa = PBXProject;
			attributes = {
				BuildIndependentTargetsInParallel = 1;
				LastSwiftUpdateCheck = 1340;
				LastUpgradeCheck = 1340;
				TargetAttributes = {
					031E0D0D28A4DFCE00A994E7 = {
						CreatedOnToolsVersion = 13.4.1;
					};
				};
			};
			buildConfigurationList = 031E0D0928A4DFCE00A994E7 /* Build configuration list for PBXProject "Setting_Clone_App" */;
			compatibilityVersion = "Xcode 13.0";
			developmentRegion = en;
			hasScannedForEncodings = 0;
			knownRegions = (
				en,
				Base,
			);
			mainGroup = 031E0D0528A4DFCE00A994E7;
			productRefGroup = 031E0D0F28A4DFCE00A994E7 /* Products */;
			projectDirPath = "";
			projectRoot = "";
			targets = (
				031E0D0D28A4DFCE00A994E7 /* Setting_Clone_App */,
			);
		};
/* End PBXProject section */

/* Begin PBXResourcesBuildPhase section */
		031E0D0C28A4DFCE00A994E7 /* Resources */ = {
			isa = PBXResourcesBuildPhase;
			buildActionMask = 2147483647;
			files = (
				03EBB86F28B8987500D77B38 /* GeneralViewController.storyboard in Resources */,
				031E0D1E28A4DFCF00A994E7 /* LaunchScreen.storyboard in Resources */,
				031E0D2828A4F57600A994E7 /* ProfileCell.xib in Resources */,
				03B4E41628B4BA500060AAF3 /* MenuCell.xib in Resources */,
				031E0D1B28A4DFCF00A994E7 /* Assets.xcassets in Resources */,
				031E0D1928A4DFCE00A994E7 /* Main.storyboard in Resources */,
			);
			runOnlyForDeploymentPostprocessing = 0;
		};
/* End PBXResourcesBuildPhase section */

/* Begin PBXSourcesBuildPhase section */
		031E0D0A28A4DFCE00A994E7 /* Sources */ = {
			isa = PBXSourcesBuildPhase;
			buildActionMask = 2147483647;
			files = (
				031E0D1628A4DFCE00A994E7 /* ViewController.swift in Sources */,
				03EBB86D28B8985100D77B38 /* GeneralViewController.swift in Sources */,
				03B4E41528B4BA500060AAF3 /* MenuCell.swift in Sources */,
				03B4E41828B4C0A90060AAF3 /* SettingModel.swift in Sources */,
				031E0D2728A4F57600A994E7 /* ProfileCell.swift in Sources */,
				031E0D1228A4DFCE00A994E7 /* AppDelegate.swift in Sources */,
				031E0D1428A4DFCE00A994E7 /* SceneDelegate.swift in Sources */,
			);
			runOnlyForDeploymentPostprocessing = 0;
		};
/* End PBXSourcesBuildPhase section */

/* Begin PBXVariantGroup section */
		031E0D1728A4DFCE00A994E7 /* Main.storyboard */ = {
			isa = PBXVariantGroup;
			children = (
				031E0D1828A4DFCE00A994E7 /* Base */,
			);
			name = Main.storyboard;
			sourceTree = "<group>";
		};
		031E0D1C28A4DFCF00A994E7 /* LaunchScreen.storyboard */ = {
			isa = PBXVariantGroup;
			children = (
				031E0D1D28A4DFCF00A994E7 /* Base */,
			);
			name = LaunchScreen.storyboard;
			sourceTree = "<group>";
		};
/* End PBXVariantGroup section */

/* Begin XCBuildConfiguration section */
		031E0D2028A4DFCF00A994E7 /* Debug */ = {
			isa = XCBuildConfiguration;
			buildSettings = {
				ALWAYS_SEARCH_USER_PATHS = NO;
				CLANG_ANALYZER_NONNULL = YES;
				CLANG_ANALYZER_NUMBER_OBJECT_CONVERSION = YES_AGGRESSIVE;
				CLANG_CXX_LANGUAGE_STANDARD = "gnu++17";
				CLANG_ENABLE_MODULES = YES;
				CLANG_ENABLE_OBJC_ARC = YES;
				CLANG_ENABLE_OBJC_WEAK = YES;
				CLANG_WARN_BLOCK_CAPTURE_AUTORELEASING = YES;
				CLANG_WARN_BOOL_CONVERSION = YES;
				CLANG_WARN_COMMA = YES;
				CLANG_WARN_CONSTANT_CONVERSION = YES;
				CLANG_WARN_DEPRECATED_OBJC_IMPLEMENTATIONS = YES;
				CLANG_WARN_DIRECT_OBJC_ISA_USAGE = YES_ERROR;
				CLANG_WARN_DOCUMENTATION_COMMENTS = YES;
				CLANG_WARN_EMPTY_BODY = YES;
				CLANG_WARN_ENUM_CONVERSION = YES;
				CLANG_WARN_INFINITE_RECURSION = YES;
				CLANG_WARN_INT_CONVERSION = YES;
				CLANG_WARN_NON_LITERAL_NULL_CONVERSION = YES;
				CLANG_WARN_OBJC_IMPLICIT_RETAIN_SELF = YES;
				CLANG_WARN_OBJC_LITERAL_CONVERSION = YES;
				CLANG_WARN_OBJC_ROOT_CLASS = YES_ERROR;
				CLANG_WARN_QUOTED_INCLUDE_IN_FRAMEWORK_HEADER = YES;
				CLANG_WARN_RANGE_LOOP_ANALYSIS = YES;
				CLANG_WARN_STRICT_PROTOTYPES = YES;
				CLANG_WARN_SUSPICIOUS_MOVE = YES;
				CLANG_WARN_UNGUARDED_AVAILABILITY = YES_AGGRESSIVE;
				CLANG_WARN_UNREACHABLE_CODE = YES;
				CLANG_WARN__DUPLICATE_METHOD_MATCH = YES;
				COPY_PHASE_STRIP = NO;
				DEBUG_INFORMATION_FORMAT = dwarf;
				ENABLE_STRICT_OBJC_MSGSEND = YES;
				ENABLE_TESTABILITY = YES;
				GCC_C_LANGUAGE_STANDARD = gnu11;
				GCC_DYNAMIC_NO_PIC = NO;
				GCC_NO_COMMON_BLOCKS = YES;
				GCC_OPTIMIZATION_LEVEL = 0;
				GCC_PREPROCESSOR_DEFINITIONS = (
					"DEBUG=1",
					"$(inherited)",
				);
				GCC_WARN_64_TO_32_BIT_CONVERSION = YES;
				GCC_WARN_ABOUT_RETURN_TYPE = YES_ERROR;
				GCC_WARN_UNDECLARED_SELECTOR = YES;
				GCC_WARN_UNINITIALIZED_AUTOS = YES_AGGRESSIVE;
				GCC_WARN_UNUSED_FUNCTION = YES;
				GCC_WARN_UNUSED_VARIABLE = YES;
				IPHONEOS_DEPLOYMENT_TARGET = 15.5;
				MTL_ENABLE_DEBUG_INFO = INCLUDE_SOURCE;
				MTL_FAST_MATH = YES;
				ONLY_ACTIVE_ARCH = YES;
				SDKROOT = iphoneos;
				SWIFT_ACTIVE_COMPILATION_CONDITIONS = DEBUG;
				SWIFT_OPTIMIZATION_LEVEL = "-Onone";
			};
			name = Debug;
		};
		031E0D2128A4DFCF00A994E7 /* Release */ = {
			isa = XCBuildConfiguration;
			buildSettings = {
				ALWAYS_SEARCH_USER_PATHS = NO;
				CLANG_ANALYZER_NONNULL = YES;
				CLANG_ANALYZER_NUMBER_OBJECT_CONVERSION = YES_AGGRESSIVE;
				CLANG_CXX_LANGUAGE_STANDARD = "gnu++17";
				CLANG_ENABLE_MODULES = YES;
				CLANG_ENABLE_OBJC_ARC = YES;
				CLANG_ENABLE_OBJC_WEAK = YES;
				CLANG_WARN_BLOCK_CAPTURE_AUTORELEASING = YES;
				CLANG_WARN_BOOL_CONVERSION = YES;
				CLANG_WARN_COMMA = YES;
				CLANG_WARN_CONSTANT_CONVERSION = YES;
				CLANG_WARN_DEPRECATED_OBJC_IMPLEMENTATIONS = YES;
				CLANG_WARN_DIRECT_OBJC_ISA_USAGE = YES_ERROR;
				CLANG_WARN_DOCUMENTATION_COMMENTS = YES;
				CLANG_WARN_EMPTY_BODY = YES;
				CLANG_WARN_ENUM_CONVERSION = YES;
				CLANG_WARN_INFINITE_RECURSION = YES;
				CLANG_WARN_INT_CONVERSION = YES;
				CLANG_WARN_NON_LITERAL_NULL_CONVERSION = YES;
				CLANG_WARN_OBJC_IMPLICIT_RETAIN_SELF = YES;
				CLANG_WARN_OBJC_LITERAL_CONVERSION = YES;
				CLANG_WARN_OBJC_ROOT_CLASS = YES_ERROR;
				CLANG_WARN_QUOTED_INCLUDE_IN_FRAMEWORK_HEADER = YES;
				CLANG_WARN_RANGE_LOOP_ANALYSIS = YES;
				CLANG_WARN_STRICT_PROTOTYPES = YES;
				CLANG_WARN_SUSPICIOUS_MOVE = YES;
				CLANG_WARN_UNGUARDED_AVAILABILITY = YES_AGGRESSIVE;
				CLANG_WARN_UNREACHABLE_CODE = YES;
				CLANG_WARN__DUPLICATE_METHOD_MATCH = YES;
				COPY_PHASE_STRIP = NO;
				DEBUG_INFORMATION_FORMAT = "dwarf-with-dsym";
				ENABLE_NS_ASSERTIONS = NO;
				ENABLE_STRICT_OBJC_MSGSEND = YES;
				GCC_C_LANGUAGE_STANDARD = gnu11;
				GCC_NO_COMMON_BLOCKS = YES;
				GCC_WARN_64_TO_32_BIT_CONVERSION = YES;
				GCC_WARN_ABOUT_RETURN_TYPE = YES_ERROR;
				GCC_WARN_UNDECLARED_SELECTOR = YES;
				GCC_WARN_UNINITIALIZED_AUTOS = YES_AGGRESSIVE;
				GCC_WARN_UNUSED_FUNCTION = YES;
				GCC_WARN_UNUSED_VARIABLE = YES;
				IPHONEOS_DEPLOYMENT_TARGET = 15.5;
				MTL_ENABLE_DEBUG_INFO = NO;
				MTL_FAST_MATH = YES;
				SDKROOT = iphoneos;
				SWIFT_COMPILATION_MODE = wholemodule;
				SWIFT_OPTIMIZATION_LEVEL = "-O";
				VALIDATE_PRODUCT = YES;
			};
			name = Release;
		};
		031E0D2328A4DFCF00A994E7 /* Debug */ = {
			isa = XCBuildConfiguration;
			buildSettings = {
				ASSETCATALOG_COMPILER_APPICON_NAME = AppIcon;
				ASSETCATALOG_COMPILER_GLOBAL_ACCENT_COLOR_NAME = AccentColor;
				CODE_SIGN_STYLE = Automatic;
				CURRENT_PROJECT_VERSION = 1;
				DEVELOPMENT_TEAM = AKWNU4NDRR;
				GENERATE_INFOPLIST_FILE = YES;
				INFOPLIST_FILE = Setting_Clone_App/Info.plist;
				INFOPLIST_KEY_UIApplicationSupportsIndirectInputEvents = YES;
				INFOPLIST_KEY_UILaunchStoryboardName = LaunchScreen;
				INFOPLIST_KEY_UIMainStoryboardFile = Main;
				INFOPLIST_KEY_UISupportedInterfaceOrientations_iPad = "UIInterfaceOrientationPortrait UIInterfaceOrientationPortraitUpsideDown UIInterfaceOrientationLandscapeLeft UIInterfaceOrientationLandscapeRight";
				INFOPLIST_KEY_UISupportedInterfaceOrientations_iPhone = "UIInterfaceOrientationPortrait UIInterfaceOrientationLandscapeLeft UIInterfaceOrientationLandscapeRight";
				LD_RUNPATH_SEARCH_PATHS = (
					"$(inherited)",
					"@executable_path/Frameworks",
				);
				MARKETING_VERSION = 1.0;
				PRODUCT_BUNDLE_IDENTIFIER = "com.genie.Setting-Clone-App";
				PRODUCT_NAME = "$(TARGET_NAME)";
				SWIFT_EMIT_LOC_STRINGS = YES;
				SWIFT_VERSION = 5.0;
				TARGETED_DEVICE_FAMILY = "1,2";
			};
			name = Debug;
		};
		031E0D2428A4DFCF00A994E7 /* Release */ = {
			isa = XCBuildConfiguration;
			buildSettings = {
				ASSETCATALOG_COMPILER_APPICON_NAME = AppIcon;
				ASSETCATALOG_COMPILER_GLOBAL_ACCENT_COLOR_NAME = AccentColor;
				CODE_SIGN_STYLE = Automatic;
				CURRENT_PROJECT_VERSION = 1;
				DEVELOPMENT_TEAM = AKWNU4NDRR;
				GENERATE_INFOPLIST_FILE = YES;
				INFOPLIST_FILE = Setting_Clone_App/Info.plist;
				INFOPLIST_KEY_UIApplicationSupportsIndirectInputEvents = YES;
				INFOPLIST_KEY_UILaunchStoryboardName = LaunchScreen;
				INFOPLIST_KEY_UIMainStoryboardFile = Main;
				INFOPLIST_KEY_UISupportedInterfaceOrientations_iPad = "UIInterfaceOrientationPortrait UIInterfaceOrientationPortraitUpsideDown UIInterfaceOrientationLandscapeLeft UIInterfaceOrientationLandscapeRight";
				INFOPLIST_KEY_UISupportedInterfaceOrientations_iPhone = "UIInterfaceOrientationPortrait UIInterfaceOrientationLandscapeLeft UIInterfaceOrientationLandscapeRight";
				LD_RUNPATH_SEARCH_PATHS = (
					"$(inherited)",
					"@executable_path/Frameworks",
				);
				MARKETING_VERSION = 1.0;
				PRODUCT_BUNDLE_IDENTIFIER = "com.genie.Setting-Clone-App";
				PRODUCT_NAME = "$(TARGET_NAME)";
				SWIFT_EMIT_LOC_STRINGS = YES;
				SWIFT_VERSION = 5.0;
				TARGETED_DEVICE_FAMILY = "1,2";
			};
			name = Release;
		};
/* End XCBuildConfiguration section */

/* Begin XCConfigurationList section */
		031E0D0928A4DFCE00A994E7 /* Build configuration list for PBXProject "Setting_Clone_App" */ = {
			isa = XCConfigurationList;
			buildConfigurations = (
				031E0D2028A4DFCF00A994E7 /* Debug */,
				031E0D2128A4DFCF00A994E7 /* Release */,
			);
			defaultConfigurationIsVisible = 0;
			defaultConfigurationName = Release;
		};
		031E0D2228A4DFCF00A994E7 /* Build configuration list for PBXNativeTarget "Setting_Clone_App" */ = {
			isa = XCConfigurationList;
			buildConfigurations = (
				031E0D2328A4DFCF00A994E7 /* Debug */,
				031E0D2428A4DFCF00A994E7 /* Release */,
			);
			defaultConfigurationIsVisible = 0;
			defaultConfigurationName = Release;
		};
/* End XCConfigurationList section */
	};
	rootObject = 031E0D0628A4DFCE00A994E7 /* Project object */;
}
